// !$*UTF8*$!
{
	archiveVersion = 1;
	classes = {
	};
	objectVersion = 46;
	objects = {

/* Begin PBXBuildFile section */
		AF5230B31BF6B36500D763CB /* AppDelegate.swift in Sources */ = {isa = PBXBuildFile; fileRef = AF5230B21BF6B36500D763CB /* AppDelegate.swift */; };
		AF5230B51BF6B36500D763CB /* ViewController.swift in Sources */ = {isa = PBXBuildFile; fileRef = AF5230B41BF6B36500D763CB /* ViewController.swift */; };
		AF5230B81BF6B36500D763CB /* Main.storyboard in Resources */ = {isa = PBXBuildFile; fileRef = AF5230B61BF6B36500D763CB /* Main.storyboard */; };
		AF5230BA1BF6B36500D763CB /* Assets.xcassets in Resources */ = {isa = PBXBuildFile; fileRef = AF5230B91BF6B36500D763CB /* Assets.xcassets */; };
		AF5230BD1BF6B36500D763CB /* LaunchScreen.storyboard in Resources */ = {isa = PBXBuildFile; fileRef = AF5230BB1BF6B36500D763CB /* LaunchScreen.storyboard */; };
		AF5230C81BF6B36500D763CB /* BlueberrieAndRaspberriesTests.swift in Sources */ = {isa = PBXBuildFile; fileRef = AF5230C71BF6B36500D763CB /* BlueberrieAndRaspberriesTests.swift */; };
		AF5230D31BF6B36500D763CB /* BlueberrieAndRaspberriesUITests.swift in Sources */ = {isa = PBXBuildFile; fileRef = AF5230D21BF6B36500D763CB /* BlueberrieAndRaspberriesUITests.swift */; };
/* End PBXBuildFile section */

/* Begin PBXContainerItemProxy section */
		AF5230C41BF6B36500D763CB /* PBXContainerItemProxy */ = {
			isa = PBXContainerItemProxy;
			containerPortal = AF5230A71BF6B36500D763CB /* Project object */;
			proxyType = 1;
			remoteGlobalIDString = AF5230AE1BF6B36500D763CB;
			remoteInfo = BlueberrieAndRaspberries;
		};
		AF5230CF1BF6B36500D763CB /* PBXContainerItemProxy */ = {
			isa = PBXContainerItemProxy;
			containerPortal = AF5230A71BF6B36500D763CB /* Project object */;
			proxyType = 1;
			remoteGlobalIDString = AF5230AE1BF6B36500D763CB;
			remoteInfo = BlueberrieAndRaspberries;
		};
/* End PBXContainerItemProxy section */

/* Begin PBXFileReference section */
		AF5230AF1BF6B36500D763CB /* BlueberrieAndRaspberries.app */ = {isa = PBXFileReference; explicitFileType = wrapper.application; includeInIndex = 0; path = BlueberrieAndRaspberries.app; sourceTree = BUILT_PRODUCTS_DIR; };
		AF5230B21BF6B36500D763CB /* AppDelegate.swift */ = {isa = PBXFileReference; lastKnownFileType = sourcecode.swift; path = AppDelegate.swift; sourceTree = "<group>"; };
		AF5230B41BF6B36500D763CB /* ViewController.swift */ = {isa = PBXFileReference; lastKnownFileType = sourcecode.swift; path = ViewController.swift; sourceTree = "<group>"; };
		AF5230B71BF6B36500D763CB /* Base */ = {isa = PBXFileReference; lastKnownFileType = file.storyboard; name = Base; path = Base.lproj/Main.storyboard; sourceTree = "<group>"; };
		AF5230B91BF6B36500D763CB /* Assets.xcassets */ = {isa = PBXFileReference; lastKnownFileType = folder.assetcatalog; path = Assets.xcassets; sourceTree = "<group>"; };
		AF5230BC1BF6B36500D763CB /* Base */ = {isa = PBXFileReference; lastKnownFileType = file.storyboard; name = Base; path = Base.lproj/LaunchScreen.storyboard; sourceTree = "<group>"; };
		AF5230BE1BF6B36500D763CB /* Info.plist */ = {isa = PBXFileReference; lastKnownFileType = text.plist.xml; path = Info.plist; sourceTree = "<group>"; };
		AF5230C31BF6B36500D763CB /* BlueberrieAndRaspberriesTests.xctest */ = {isa = PBXFileReference; explicitFileType = wrapper.cfbundle; includeInIndex = 0; path = BlueberrieAndRaspberriesTests.xctest; sourceTree = BUILT_PRODUCTS_DIR; };
		AF5230C71BF6B36500D763CB /* BlueberrieAndRaspberriesTests.swift */ = {isa = PBXFileReference; lastKnownFileType = sourcecode.swift; path = BlueberrieAndRaspberriesTests.swift; sourceTree = "<group>"; };
		AF5230C91BF6B36500D763CB /* Info.plist */ = {isa = PBXFileReference; lastKnownFileType = text.plist.xml; path = Info.plist; sourceTree = "<group>"; };
		AF5230CE1BF6B36500D763CB /* BlueberrieAndRaspberriesUITests.xctest */ = {isa = PBXFileReference; explicitFileType = wrapper.cfbundle; includeInIndex = 0; path = BlueberrieAndRaspberriesUITests.xctest; sourceTree = BUILT_PRODUCTS_DIR; };
		AF5230D21BF6B36500D763CB /* BlueberrieAndRaspberriesUITests.swift */ = {isa = PBXFileReference; lastKnownFileType = sourcecode.swift; path = BlueberrieAndRaspberriesUITests.swift; sourceTree = "<group>"; };
		AF5230D41BF6B36500D763CB /* Info.plist */ = {isa = PBXFileReference; lastKnownFileType = text.plist.xml; path = Info.plist; sourceTree = "<group>"; };
/* End PBXFileReference section */

/* Begin PBXFrameworksBuildPhase section */
		AF5230AC1BF6B36500D763CB /* Frameworks */ = {
			isa = PBXFrameworksBuildPhase;
			buildActionMask = 2147483647;
			files = (
			);
			runOnlyForDeploymentPostprocessing = 0;
		};
		AF5230C01BF6B36500D763CB /* Frameworks */ = {
			isa = PBXFrameworksBuildPhase;
			buildActionMask = 2147483647;
			files = (
			);
			runOnlyForDeploymentPostprocessing = 0;
		};
		AF5230CB1BF6B36500D763CB /* Frameworks */ = {
			isa = PBXFrameworksBuildPhase;
			buildActionMask = 2147483647;
			files = (
			);
			runOnlyForDeploymentPostprocessing = 0;
		};
/* End PBXFrameworksBuildPhase section */

/* Begin PBXGroup section */
		AF5230A61BF6B36500D763CB = {
			isa = PBXGroup;
			children = (
				AF5230B11BF6B36500D763CB /* BlueberrieAndRaspberries */,
				AF5230C61BF6B36500D763CB /* BlueberrieAndRaspberriesTests */,
				AF5230D11BF6B36500D763CB /* BlueberrieAndRaspberriesUITests */,
				AF5230B01BF6B36500D763CB /* Products */,
			);
			sourceTree = "<group>";
		};
		AF5230B01BF6B36500D763CB /* Products */ = {
			isa = PBXGroup;
			children = (
				AF5230AF1BF6B36500D763CB /* BlueberrieAndRaspberries.app */,
				AF5230C31BF6B36500D763CB /* BlueberrieAndRaspberriesTests.xctest */,
				AF5230CE1BF6B36500D763CB /* BlueberrieAndRaspberriesUITests.xctest */,
			);
			name = Products;
			sourceTree = "<group>";
		};
		AF5230B11BF6B36500D763CB /* BlueberrieAndRaspberries */ = {
			isa = PBXGroup;
			children = (
				AF5230B21BF6B36500D763CB /* AppDelegate.swift */,
				AF5230B41BF6B36500D763CB /* ViewController.swift */,
				AF5230B61BF6B36500D763CB /* Main.storyboard */,
				AF5230B91BF6B36500D763CB /* Assets.xcassets */,
				AF5230BB1BF6B36500D763CB /* LaunchScreen.storyboard */,
				AF5230BE1BF6B36500D763CB /* Info.plist */,
			);
			path = BlueberrieAndRaspberries;
			sourceTree = "<group>";
		};
		AF5230C61BF6B36500D763CB /* BlueberrieAndRaspberriesTests */ = {
			isa = PBXGroup;
			children = (
				AF5230C71BF6B36500D763CB /* BlueberrieAndRaspberriesTests.swift */,
				AF5230C91BF6B36500D763CB /* Info.plist */,
			);
			path = BlueberrieAndRaspberriesTests;
			sourceTree = "<group>";
		};
		AF5230D11BF6B36500D763CB /* BlueberrieAndRaspberriesUITests */ = {
			isa = PBXGroup;
			children = (
				AF5230D21BF6B36500D763CB /* BlueberrieAndRaspberriesUITests.swift */,
				AF5230D41BF6B36500D763CB /* Info.plist */,
			);
			path = BlueberrieAndRaspberriesUITests;
			sourceTree = "<group>";
		};
/* End PBXGroup section */

/* Begin PBXNativeTarget section */
		AF5230AE1BF6B36500D763CB /* BlueberrieAndRaspberries */ = {
			isa = PBXNativeTarget;
			buildConfigurationList = AF5230D71BF6B36500D763CB /* Build configuration list for PBXNativeTarget "BlueberrieAndRaspberries" */;
			buildPhases = (
				AF5230AB1BF6B36500D763CB /* Sources */,
				AF5230AC1BF6B36500D763CB /* Frameworks */,
				AF5230AD1BF6B36500D763CB /* Resources */,
			);
			buildRules = (
			);
			dependencies = (
			);
			name = BlueberrieAndRaspberries;
			productName = BlueberrieAndRaspberries;
			productReference = AF5230AF1BF6B36500D763CB /* BlueberrieAndRaspberries.app */;
			productType = "com.apple.product-type.application";
		};
		AF5230C21BF6B36500D763CB /* BlueberrieAndRaspberriesTests */ = {
			isa = PBXNativeTarget;
			buildConfigurationList = AF5230DA1BF6B36500D763CB /* Build configuration list for PBXNativeTarget "BlueberrieAndRaspberriesTests" */;
			buildPhases = (
				AF5230BF1BF6B36500D763CB /* Sources */,
				AF5230C01BF6B36500D763CB /* Frameworks */,
				AF5230C11BF6B36500D763CB /* Resources */,
			);
			buildRules = (
			);
			dependencies = (
				AF5230C51BF6B36500D763CB /* PBXTargetDependency */,
			);
			name = BlueberrieAndRaspberriesTests;
			productName = BlueberrieAndRaspberriesTests;
			productReference = AF5230C31BF6B36500D763CB /* BlueberrieAndRaspberriesTests.xctest */;
			productType = "com.apple.product-type.bundle.unit-test";
		};
		AF5230CD1BF6B36500D763CB /* BlueberrieAndRaspberriesUITests */ = {
			isa = PBXNativeTarget;
			buildConfigurationList = AF5230DD1BF6B36500D763CB /* Build configuration list for PBXNativeTarget "BlueberrieAndRaspberriesUITests" */;
			buildPhases = (
				AF5230CA1BF6B36500D763CB /* Sources */,
				AF5230CB1BF6B36500D763CB /* Frameworks */,
				AF5230CC1BF6B36500D763CB /* Resources */,
			);
			buildRules = (
			);
			dependencies = (
				AF5230D01BF6B36500D763CB /* PBXTargetDependency */,
			);
			name = BlueberrieAndRaspberriesUITests;
			productName = BlueberrieAndRaspberriesUITests;
			productReference = AF5230CE1BF6B36500D763CB /* BlueberrieAndRaspberriesUITests.xctest */;
			productType = "com.apple.product-type.bundle.ui-testing";
		};
/* End PBXNativeTarget section */

/* Begin PBXProject section */
		AF5230A71BF6B36500D763CB /* Project object */ = {
			isa = PBXProject;
			attributes = {
				LastSwiftUpdateCheck = 0710;
				LastUpgradeCheck = 0710;
				ORGANIZATIONNAME = "Ryan Huebert";
				TargetAttributes = {
					AF5230AE1BF6B36500D763CB = {
						CreatedOnToolsVersion = 7.1;
					};
					AF5230C21BF6B36500D763CB = {
						CreatedOnToolsVersion = 7.1;
						TestTargetID = AF5230AE1BF6B36500D763CB;
					};
					AF5230CD1BF6B36500D763CB = {
						CreatedOnToolsVersion = 7.1;
						TestTargetID = AF5230AE1BF6B36500D763CB;
					};
				};
			};
			buildConfigurationList = AF5230AA1BF6B36500D763CB /* Build configuration list for PBXProject "BlueberrieAndRaspberries" */;
			compatibilityVersion = "Xcode 3.2";
			developmentRegion = English;
			hasScannedForEncodings = 0;
			knownRegions = (
				en,
				Base,
			);
			mainGroup = AF5230A61BF6B36500D763CB;
			productRefGroup = AF5230B01BF6B36500D763CB /* Products */;
			projectDirPath = "";
			projectRoot = "";
			targets = (
				AF5230AE1BF6B36500D763CB /* BlueberrieAndRaspberries */,
				AF5230C21BF6B36500D763CB /* BlueberrieAndRaspberriesTests */,
				AF5230CD1BF6B36500D763CB /* BlueberrieAndRaspberriesUITests */,
			);
		};
/* End PBXProject section */

/* Begin PBXResourcesBuildPhase section */
		AF5230AD1BF6B36500D763CB /* Resources */ = {
			isa = PBXResourcesBuildPhase;
			buildActionMask = 2147483647;
			files = (
				AF5230BD1BF6B36500D763CB /* LaunchScreen.storyboard in Resources */,
				AF5230BA1BF6B36500D763CB /* Assets.xcassets in Resources */,
				AF5230B81BF6B36500D763CB /* Main.storyboard in Resources */,
			);
			runOnlyForDeploymentPostprocessing = 0;
		};
		AF5230C11BF6B36500D763CB /* Resources */ = {
			isa = PBXResourcesBuildPhase;
			buildActionMask = 2147483647;
			files = (
			);
			runOnlyForDeploymentPostprocessing = 0;
		};
		AF5230CC1BF6B36500D763CB /* Resources */ = {
			isa = PBXResourcesBuildPhase;
			buildActionMask = 2147483647;
			files = (
			);
			runOnlyForDeploymentPostprocessing = 0;
		};
/* End PBXResourcesBuildPhase section */

/* Begin PBXSourcesBuildPhase section */
		AF5230AB1BF6B36500D763CB /* Sources */ = {
			isa = PBXSourcesBuildPhase;
			buildActionMask = 2147483647;
			files = (
				AF5230B51BF6B36500D763CB /* ViewController.swift in Sources */,
				AF5230B31BF6B36500D763CB /* AppDelegate.swift in Sources */,
			);
			runOnlyForDeploymentPostprocessing = 0;
		};
		AF5230BF1BF6B36500D763CB /* Sources */ = {
			isa = PBXSourcesBuildPhase;
			buildActionMask = 2147483647;
			files = (
				AF5230C81BF6B36500D763CB /* BlueberrieAndRaspberriesTests.swift in Sources */,
			);
			runOnlyForDeploymentPostprocessing = 0;
		};
		AF5230CA1BF6B36500D763CB /* Sources */ = {
			isa = PBXSourcesBuildPhase;
			buildActionMask = 2147483647;
			files = (
				AF5230D31BF6B36500D763CB /* BlueberrieAndRaspberriesUITests.swift in Sources */,
			);
			runOnlyForDeploymentPostprocessing = 0;
		};
/* End PBXSourcesBuildPhase section */

/* Begin PBXTargetDependency section */
		AF5230C51BF6B36500D763CB /* PBXTargetDependency */ = {
			isa = PBXTargetDependency;
			target = AF5230AE1BF6B36500D763CB /* BlueberrieAndRaspberries */;
			targetProxy = AF5230C41BF6B36500D763CB /* PBXContainerItemProxy */;
		};
		AF5230D01BF6B36500D763CB /* PBXTargetDependency */ = {
			isa = PBXTargetDependency;
			target = AF5230AE1BF6B36500D763CB /* BlueberrieAndRaspberries */;
			targetProxy = AF5230CF1BF6B36500D763CB /* PBXContainerItemProxy */;
		};
/* End PBXTargetDependency section */

/* Begin PBXVariantGroup section */
		AF5230B61BF6B36500D763CB /* Main.storyboard */ = {
			isa = PBXVariantGroup;
			children = (
				AF5230B71BF6B36500D763CB /* Base */,
			);
			name = Main.storyboard;
			sourceTree = "<group>";
		};
		AF5230BB1BF6B36500D763CB /* LaunchScreen.storyboard */ = {
			isa = PBXVariantGroup;
			children = (
				AF5230BC1BF6B36500D763CB /* Base */,
			);
			name = LaunchScreen.storyboard;
			sourceTree = "<group>";
		};
/* End PBXVariantGroup section */

/* Begin XCBuildConfiguration section */
		AF5230D51BF6B36500D763CB /* Debug */ = {
			isa = XCBuildConfiguration;
			buildSettings = {
				ALWAYS_SEARCH_USER_PATHS = NO;
				CLANG_CXX_LANGUAGE_STANDARD = "gnu++0x";
				CLANG_CXX_LIBRARY = "libc++";
				CLANG_ENABLE_MODULES = YES;
				CLANG_ENABLE_OBJC_ARC = YES;
				CLANG_WARN_BOOL_CONVERSION = YES;
				CLANG_WARN_CONSTANT_CONVERSION = YES;
				CLANG_WARN_DIRECT_OBJC_ISA_USAGE = YES_ERROR;
				CLANG_WARN_EMPTY_BODY = YES;
				CLANG_WARN_ENUM_CONVERSION = YES;
				CLANG_WARN_INT_CONVERSION = YES;
				CLANG_WARN_OBJC_ROOT_CLASS = YES_ERROR;
				CLANG_WARN_UNREACHABLE_CODE = YES;
				CLANG_WARN__DUPLICATE_METHOD_MATCH = YES;
				"CODE_SIGN_IDENTITY[sdk=iphoneos*]" = "iPhone Developer";
				COPY_PHASE_STRIP = NO;
				DEBUG_INFORMATION_FORMAT = dwarf;
				ENABLE_STRICT_OBJC_MSGSEND = YES;
				ENABLE_TESTABILITY = YES;
				GCC_C_LANGUAGE_STANDARD = gnu99;
				GCC_DYNAMIC_NO_PIC = NO;
				GCC_NO_COMMON_BLOCKS = YES;
				GCC_OPTIMIZATION_LEVEL = 0;
				GCC_PREPROCESSOR_DEFINITIONS = (
					"DEBUG=1",
					"$(inherited)",
				);
				GCC_WARN_64_TO_32_BIT_CONVERSION = YES;
				GCC_WARN_ABOUT_RETURN_TYPE = YES_ERROR;
				GCC_WARN_UNDECLARED_SELECTOR = YES;
				GCC_WARN_UNINITIALIZED_AUTOS = YES_AGGRESSIVE;
				GCC_WARN_UNUSED_FUNCTION = YES;
				GCC_WARN_UNUSED_VARIABLE = YES;
				IPHONEOS_DEPLOYMENT_TARGET = 9.1;
				MTL_ENABLE_DEBUG_INFO = YES;
				ONLY_ACTIVE_ARCH = YES;
				SDKROOT = iphoneos;
				SWIFT_OPTIMIZATION_LEVEL = "-Onone";
			};
			name = Debug;
		};
		AF5230D61BF6B36500D763CB /* Release */ = {
			isa = XCBuildConfiguration;
			buildSettings = {
				ALWAYS_SEARCH_USER_PATHS = NO;
				CLANG_CXX_LANGUAGE_STANDARD = "gnu++0x";
				CLANG_CXX_LIBRARY = "libc++";
				CLANG_ENABLE_MODULES = YES;
				CLANG_ENABLE_OBJC_ARC = YES;
				CLANG_WARN_BOOL_CONVERSION = YES;
				CLANG_WARN_CONSTANT_CONVERSION = YES;
				CLANG_WARN_DIRECT_OBJC_ISA_USAGE = YES_ERROR;
				CLANG_WARN_EMPTY_BODY = YES;
				CLANG_WARN_ENUM_CONVERSION = YES;
				CLANG_WARN_INT_CONVERSION = YES;
				CLANG_WARN_OBJC_ROOT_CLASS = YES_ERROR;
				CLANG_WARN_UNREACHABLE_CODE = YES;
				CLANG_WARN__DUPLICATE_METHOD_MATCH = YES;
				"CODE_SIGN_IDENTITY[sdk=iphoneos*]" = "iPhone Developer";
				COPY_PHASE_STRIP = NO;
				DEBUG_INFORMATION_FORMAT = "dwarf-with-dsym";
				ENABLE_NS_ASSERTIONS = NO;
				ENABLE_STRICT_OBJC_MSGSEND = YES;
				GCC_C_LANGUAGE_STANDARD = gnu99;
				GCC_NO_COMMON_BLOCKS = YES;
				GCC_WARN_64_TO_32_BIT_CONVERSION = YES;
				GCC_WARN_ABOUT_RETURN_TYPE = YES_ERROR;
				GCC_WARN_UNDECLARED_SELECTOR = YES;
				GCC_WARN_UNINITIALIZED_AUTOS = YES_AGGRESSIVE;
				GCC_WARN_UNUSED_FUNCTION = YES;
				GCC_WARN_UNUSED_VARIABLE = YES;
				IPHONEOS_DEPLOYMENT_TARGET = 9.1;
				MTL_ENABLE_DEBUG_INFO = NO;
				SDKROOT = iphoneos;
				VALIDATE_PRODUCT = YES;
			};
			name = Release;
		};
		AF5230D81BF6B36500D763CB /* Debug */ = {
			isa = XCBuildConfiguration;
			buildSettings = {
				ASSETCATALOG_COMPILER_APPICON_NAME = AppIcon;
				INFOPLIST_FILE = BlueberrieAndRaspberries/Info.plist;
				LD_RUNPATH_SEARCH_PATHS = "$(inherited) @executable_path/Frameworks";
				PRODUCT_BUNDLE_IDENTIFIER = com.ryanhuebert.BlueberrieAndRaspberries;
				PRODUCT_NAME = "$(TARGET_NAME)";
			};
			name = Debug;
		};
		AF5230D91BF6B36500D763CB /* Release */ = {
			isa = XCBuildConfiguration;
			buildSettings = {
				ASSETCATALOG_COMPILER_APPICON_NAME = AppIcon;
				INFOPLIST_FILE = BlueberrieAndRaspberries/Info.plist;
				LD_RUNPATH_SEARCH_PATHS = "$(inherited) @executable_path/Frameworks";
				PRODUCT_BUNDLE_IDENTIFIER = com.ryanhuebert.BlueberrieAndRaspberries;
				PRODUCT_NAME = "$(TARGET_NAME)";
			};
			name = Release;
		};
		AF5230DB1BF6B36500D763CB /* Debug */ = {
			isa = XCBuildConfiguration;
			buildSettings = {
				BUNDLE_LOADER = "$(TEST_HOST)";
				INFOPLIST_FILE = BlueberrieAndRaspberriesTests/Info.plist;
				LD_RUNPATH_SEARCH_PATHS = "$(inherited) @executable_path/Frameworks @loader_path/Frameworks";
				PRODUCT_BUNDLE_IDENTIFIER = com.ryanhuebert.BlueberrieAndRaspberriesTests;
				PRODUCT_NAME = "$(TARGET_NAME)";
				TEST_HOST = "$(BUILT_PRODUCTS_DIR)/BlueberrieAndRaspberries.app/BlueberrieAndRaspberries";
			};
			name = Debug;
		};
		AF5230DC1BF6B36500D763CB /* Release */ = {
			isa = XCBuildConfiguration;
			buildSettings = {
				BUNDLE_LOADER = "$(TEST_HOST)";
				INFOPLIST_FILE = BlueberrieAndRaspberriesTests/Info.plist;
				LD_RUNPATH_SEARCH_PATHS = "$(inherited) @executable_path/Frameworks @loader_path/Frameworks";
				PRODUCT_BUNDLE_IDENTIFIER = com.ryanhuebert.BlueberrieAndRaspberriesTests;
				PRODUCT_NAME = "$(TARGET_NAME)";
				TEST_HOST = "$(BUILT_PRODUCTS_DIR)/BlueberrieAndRaspberries.app/BlueberrieAndRaspberries";
			};
			name = Release;
		};
		AF5230DE1BF6B36500D763CB /* Debug */ = {
			isa = XCBuildConfiguration;
			buildSettings = {
				INFOPLIST_FILE = BlueberrieAndRaspberriesUITests/Info.plist;
				LD_RUNPATH_SEARCH_PATHS = "$(inherited) @executable_path/Frameworks @loader_path/Frameworks";
				PRODUCT_BUNDLE_IDENTIFIER = com.ryanhuebert.BlueberrieAndRaspberriesUITests;
				PRODUCT_NAME = "$(TARGET_NAME)";
				TEST_TARGET_NAME = BlueberrieAndRaspberries;
				USES_XCTRUNNER = YES;
			};
			name = Debug;
		};
		AF5230DF1BF6B36500D763CB /* Release */ = {
			isa = XCBuildConfiguration;
			buildSettings = {
				INFOPLIST_FILE = BlueberrieAndRaspberriesUITests/Info.plist;
				LD_RUNPATH_SEARCH_PATHS = "$(inherited) @executable_path/Frameworks @loader_path/Frameworks";
				PRODUCT_BUNDLE_IDENTIFIER = com.ryanhuebert.BlueberrieAndRaspberriesUITests;
				PRODUCT_NAME = "$(TARGET_NAME)";
				TEST_TARGET_NAME = BlueberrieAndRaspberries;
				USES_XCTRUNNER = YES;
			};
			name = Release;
		};
/* End XCBuildConfiguration section */

/* Begin XCConfigurationList section */
		AF5230AA1BF6B36500D763CB /* Build configuration list for PBXProject "BlueberrieAndRaspberries" */ = {
			isa = XCConfigurationList;
			buildConfigurations = (
				AF5230D51BF6B36500D763CB /* Debug */,
				AF5230D61BF6B36500D763CB /* Release */,
			);
			defaultConfigurationIsVisible = 0;
			defaultConfigurationName = Release;
		};
		AF5230D71BF6B36500D763CB /* Build configuration list for PBXNativeTarget "BlueberrieAndRaspberries" */ = {
			isa = XCConfigurationList;
			buildConfigurations = (
				AF5230D81BF6B36500D763CB /* Debug */,
				AF5230D91BF6B36500D763CB /* Release */,
			);
			defaultConfigurationIsVisible = 0;
		};
		AF5230DA1BF6B36500D763CB /* Build configuration list for PBXNativeTarget "BlueberrieAndRaspberriesTests" */ = {
			isa = XCConfigurationList;
			buildConfigurations = (
				AF5230DB1BF6B36500D763CB /* Debug */,
				AF5230DC1BF6B36500D763CB /* Release */,
			);
			defaultConfigurationIsVisible = 0;
		};
		AF5230DD1BF6B36500D763CB /* Build configuration list for PBXNativeTarget "BlueberrieAndRaspberriesUITests" */ = {
			isa = XCConfigurationList;
			buildConfigurations = (
				AF5230DE1BF6B36500D763CB /* Debug */,
				AF5230DF1BF6B36500D763CB /* Release */,
			);
			defaultConfigurationIsVisible = 0;
		};
/* End XCConfigurationList section */
	};
	rootObject = AF5230A71BF6B36500D763CB /* Project object */;
}
